
Microsoft Visual Studio Solution File, Format Version 12.00
# Visual Studio Version 16
VisualStudioVersion = 16.0.29209.62
MinimumVisualStudioVersion = 10.0.40219.1
Project("{888888A0-9F3D-457C-B088-3A5042F75D52}") = "CS373-HW4", "CS373-HW4.pyproj", "{D9BB379B-D217-489F-B1A3-5A96093A7FEE}"
EndProject
Global
	GlobalSection(SolutionConfigurationPlatforms) = preSolution
		Debug|Any CPU = Debug|Any CPU
		Release|Any CPU = Release|Any CPU
	EndGlobalSection
	GlobalSection(ProjectConfigurationPlatforms) = postSolution
		{D9BB379B-D217-489F-B1A3-5A96093A7FEE}.Debug|Any CPU.ActiveCfg = Debug|Any CPU
		{D9BB379B-D217-489F-B1A3-5A96093A7FEE}.Release|Any CPU.ActiveCfg = Release|Any CPU
	EndGlobalSection
	GlobalSection(SolutionProperties) = preSolution
		HideSolutionNode = FALSE
	EndGlobalSection
	GlobalSection(ExtensibilityGlobals) = postSolution
		SolutionGuid = {E8F92C68-6B86-42B5-86D8-1C1124FDF1A0}
	EndGlobalSection
EndGlobal
